
Microsoft Visual Studio Solution File, Format Version 12.00
# Visual Studio Version 17
VisualStudioVersion = 17.3.32825.248
MinimumVisualStudioVersion = 10.0.40219.1
Project("{9A19103F-16F7-4668-BE54-9A1E7A4F7556}") = "Authentication", "Authentication\Authentication.csproj", "{74215D57-57E5-4040-A483-9597D5A934C9}"
EndProject
Global
	GlobalSection(SolutionConfigurationPlatforms) = preSolution
		Debug|Any CPU = Debug|Any CPU
		Release|Any CPU = Release|Any CPU
	EndGlobalSection
	GlobalSection(ProjectConfigurationPlatforms) = postSolution
		{74215D57-57E5-4040-A483-9597D5A934C9}.Debug|Any CPU.ActiveCfg = Debug|Any CPU
		{74215D57-57E5-4040-A483-9597D5A934C9}.Debug|Any CPU.Build.0 = Debug|Any CPU
		{74215D57-57E5-4040-A483-9597D5A934C9}.Release|Any CPU.ActiveCfg = Release|Any CPU
		{74215D57-57E5-4040-A483-9597D5A934C9}.Release|Any CPU.Build.0 = Release|Any CPU
	EndGlobalSection
	GlobalSection(SolutionProperties) = preSolution
		HideSolutionNode = FALSE
	EndGlobalSection
	GlobalSection(ExtensibilityGlobals) = postSolution
		SolutionGuid = {8E6D2489-2073-4F14-98D3-17BDD70E0FEB}
	EndGlobalSection
EndGlobal
